// !$*UTF8*$!
{
	archiveVersion = 1;
	classes = {
	};
	objectVersion = 56;
	objects = {

/* Begin PBXBuildFile section */
		D8599A2A2936D7CA00B408C7 /* AppDelegate.swift in Sources */ = {isa = PBXBuildFile; fileRef = D8599A292936D7CA00B408C7 /* AppDelegate.swift */; };
		D8599A2C2936D7CA00B408C7 /* SceneDelegate.swift in Sources */ = {isa = PBXBuildFile; fileRef = D8599A2B2936D7CA00B408C7 /* SceneDelegate.swift */; };
		D8599A2E2936D7CA00B408C7 /* ViewController.swift in Sources */ = {isa = PBXBuildFile; fileRef = D8599A2D2936D7CA00B408C7 /* ViewController.swift */; };
		D8599A312936D7CA00B408C7 /* Main.storyboard in Resources */ = {isa = PBXBuildFile; fileRef = D8599A2F2936D7CA00B408C7 /* Main.storyboard */; };
		D8599A332936D7CB00B408C7 /* Assets.xcassets in Resources */ = {isa = PBXBuildFile; fileRef = D8599A322936D7CB00B408C7 /* Assets.xcassets */; };
		D8599A362936D7CB00B408C7 /* LaunchScreen.storyboard in Resources */ = {isa = PBXBuildFile; fileRef = D8599A342936D7CB00B408C7 /* LaunchScreen.storyboard */; };
		D8599A4229383A0300B408C7 /* SearchViewController.swift in Sources */ = {isa = PBXBuildFile; fileRef = D8599A4129383A0300B408C7 /* SearchViewController.swift */; };
		D8599A4429385B2900B408C7 /* WeightViewController.swift in Sources */ = {isa = PBXBuildFile; fileRef = D8599A4329385B2900B408C7 /* WeightViewController.swift */; };
		D8599A4629385B6F00B408C7 /* ReviewViewController.swift in Sources */ = {isa = PBXBuildFile; fileRef = D8599A4529385B6F00B408C7 /* ReviewViewController.swift */; };
		D8599A4829385BB100B408C7 /* PriceViewController.swift in Sources */ = {isa = PBXBuildFile; fileRef = D8599A4729385BB100B408C7 /* PriceViewController.swift */; };
		D8599A4A29385BED00B408C7 /* CategoryViewController.swift in Sources */ = {isa = PBXBuildFile; fileRef = D8599A4929385BED00B408C7 /* CategoryViewController.swift */; };
		D8599A4C29385C3300B408C7 /* PhoneStorageViewController.swift in Sources */ = {isa = PBXBuildFile; fileRef = D8599A4B29385C3300B408C7 /* PhoneStorageViewController.swift */; };
		D8599A4E29385C8100B408C7 /* PhoneOSViewController.swift in Sources */ = {isa = PBXBuildFile; fileRef = D8599A4D29385C8100B408C7 /* PhoneOSViewController.swift */; };
		D8599A5029385CBD00B408C7 /* CelluarViewController.swift in Sources */ = {isa = PBXBuildFile; fileRef = D8599A4F29385CBD00B408C7 /* CelluarViewController.swift */; };
		D8599A5229385D8300B408C7 /* LaptopStorageViewController.swift in Sources */ = {isa = PBXBuildFile; fileRef = D8599A5129385D8300B408C7 /* LaptopStorageViewController.swift */; };
		D8599A5429385DB400B408C7 /* LaptopOSViewController.swift in Sources */ = {isa = PBXBuildFile; fileRef = D8599A5329385DB400B408C7 /* LaptopOSViewController.swift */; };
/* End PBXBuildFile section */

/* Begin PBXFileReference section */
		D8599A262936D7CA00B408C7 /* DatabaseProject.app */ = {isa = PBXFileReference; explicitFileType = wrapper.application; includeInIndex = 0; path = DatabaseProject.app; sourceTree = BUILT_PRODUCTS_DIR; };
		D8599A292936D7CA00B408C7 /* AppDelegate.swift */ = {isa = PBXFileReference; lastKnownFileType = sourcecode.swift; path = AppDelegate.swift; sourceTree = "<group>"; };
		D8599A2B2936D7CA00B408C7 /* SceneDelegate.swift */ = {isa = PBXFileReference; lastKnownFileType = sourcecode.swift; path = SceneDelegate.swift; sourceTree = "<group>"; };
		D8599A2D2936D7CA00B408C7 /* ViewController.swift */ = {isa = PBXFileReference; lastKnownFileType = sourcecode.swift; path = ViewController.swift; sourceTree = "<group>"; };
		D8599A302936D7CA00B408C7 /* Base */ = {isa = PBXFileReference; lastKnownFileType = file.storyboard; name = Base; path = Base.lproj/Main.storyboard; sourceTree = "<group>"; };
		D8599A322936D7CB00B408C7 /* Assets.xcassets */ = {isa = PBXFileReference; lastKnownFileType = folder.assetcatalog; path = Assets.xcassets; sourceTree = "<group>"; };
		D8599A352936D7CB00B408C7 /* Base */ = {isa = PBXFileReference; lastKnownFileType = file.storyboard; name = Base; path = Base.lproj/LaunchScreen.storyboard; sourceTree = "<group>"; };
		D8599A372936D7CB00B408C7 /* Info.plist */ = {isa = PBXFileReference; lastKnownFileType = text.plist.xml; path = Info.plist; sourceTree = "<group>"; };
		D8599A4129383A0300B408C7 /* SearchViewController.swift */ = {isa = PBXFileReference; lastKnownFileType = sourcecode.swift; path = SearchViewController.swift; sourceTree = "<group>"; };
		D8599A4329385B2900B408C7 /* WeightViewController.swift */ = {isa = PBXFileReference; lastKnownFileType = sourcecode.swift; path = WeightViewController.swift; sourceTree = "<group>"; };
		D8599A4529385B6F00B408C7 /* ReviewViewController.swift */ = {isa = PBXFileReference; lastKnownFileType = sourcecode.swift; path = ReviewViewController.swift; sourceTree = "<group>"; };
		D8599A4729385BB100B408C7 /* PriceViewController.swift */ = {isa = PBXFileReference; lastKnownFileType = sourcecode.swift; path = PriceViewController.swift; sourceTree = "<group>"; };
		D8599A4929385BED00B408C7 /* CategoryViewController.swift */ = {isa = PBXFileReference; lastKnownFileType = sourcecode.swift; path = CategoryViewController.swift; sourceTree = "<group>"; };
		D8599A4B29385C3300B408C7 /* PhoneStorageViewController.swift */ = {isa = PBXFileReference; lastKnownFileType = sourcecode.swift; path = PhoneStorageViewController.swift; sourceTree = "<group>"; };
		D8599A4D29385C8100B408C7 /* PhoneOSViewController.swift */ = {isa = PBXFileReference; lastKnownFileType = sourcecode.swift; path = PhoneOSViewController.swift; sourceTree = "<group>"; };
		D8599A4F29385CBD00B408C7 /* CelluarViewController.swift */ = {isa = PBXFileReference; lastKnownFileType = sourcecode.swift; path = CelluarViewController.swift; sourceTree = "<group>"; };
		D8599A5129385D8300B408C7 /* LaptopStorageViewController.swift */ = {isa = PBXFileReference; lastKnownFileType = sourcecode.swift; path = LaptopStorageViewController.swift; sourceTree = "<group>"; };
		D8599A5329385DB400B408C7 /* LaptopOSViewController.swift */ = {isa = PBXFileReference; lastKnownFileType = sourcecode.swift; path = LaptopOSViewController.swift; sourceTree = "<group>"; };
/* End PBXFileReference section */

/* Begin PBXFrameworksBuildPhase section */
		D8599A232936D7CA00B408C7 /* Frameworks */ = {
			isa = PBXFrameworksBuildPhase;
			buildActionMask = 2147483647;
			files = (
			);
			runOnlyForDeploymentPostprocessing = 0;
		};
/* End PBXFrameworksBuildPhase section */

/* Begin PBXGroup section */
		D8599A1D2936D7CA00B408C7 = {
			isa = PBXGroup;
			children = (
				D8599A282936D7CA00B408C7 /* DatabaseProject */,
				D8599A272936D7CA00B408C7 /* Products */,
			);
			sourceTree = "<group>";
		};
		D8599A272936D7CA00B408C7 /* Products */ = {
			isa = PBXGroup;
			children = (
				D8599A262936D7CA00B408C7 /* DatabaseProject.app */,
			);
			name = Products;
			sourceTree = "<group>";
		};
		D8599A282936D7CA00B408C7 /* DatabaseProject */ = {
			isa = PBXGroup;
			children = (
				D8599A292936D7CA00B408C7 /* AppDelegate.swift */,
				D8599A2B2936D7CA00B408C7 /* SceneDelegate.swift */,
				D8599A2D2936D7CA00B408C7 /* ViewController.swift */,
				D8599A4129383A0300B408C7 /* SearchViewController.swift */,
				D8599A4329385B2900B408C7 /* WeightViewController.swift */,
				D8599A4529385B6F00B408C7 /* ReviewViewController.swift */,
				D8599A4729385BB100B408C7 /* PriceViewController.swift */,
				D8599A4929385BED00B408C7 /* CategoryViewController.swift */,
				D8599A4B29385C3300B408C7 /* PhoneStorageViewController.swift */,
				D8599A4D29385C8100B408C7 /* PhoneOSViewController.swift */,
				D8599A4F29385CBD00B408C7 /* CelluarViewController.swift */,
				D8599A5129385D8300B408C7 /* LaptopStorageViewController.swift */,
				D8599A2F2936D7CA00B408C7 /* Main.storyboard */,
				D8599A322936D7CB00B408C7 /* Assets.xcassets */,
				D8599A342936D7CB00B408C7 /* LaunchScreen.storyboard */,
				D8599A372936D7CB00B408C7 /* Info.plist */,
				D8599A5329385DB400B408C7 /* LaptopOSViewController.swift */,
			);
			path = DatabaseProject;
			sourceTree = "<group>";
		};
/* End PBXGroup section */

/* Begin PBXNativeTarget section */
		D8599A252936D7CA00B408C7 /* DatabaseProject */ = {
			isa = PBXNativeTarget;
			buildConfigurationList = D8599A3A2936D7CB00B408C7 /* Build configuration list for PBXNativeTarget "DatabaseProject" */;
			buildPhases = (
				D8599A222936D7CA00B408C7 /* Sources */,
				D8599A232936D7CA00B408C7 /* Frameworks */,
				D8599A242936D7CA00B408C7 /* Resources */,
			);
			buildRules = (
			);
			dependencies = (
			);
			name = DatabaseProject;
			productName = DatabaseProject;
			productReference = D8599A262936D7CA00B408C7 /* DatabaseProject.app */;
			productType = "com.apple.product-type.application";
		};
/* End PBXNativeTarget section */

/* Begin PBXProject section */
		D8599A1E2936D7CA00B408C7 /* Project object */ = {
			isa = PBXProject;
			attributes = {
				BuildIndependentTargetsInParallel = 1;
				LastSwiftUpdateCheck = 1410;
				LastUpgradeCheck = 1410;
				TargetAttributes = {
					D8599A252936D7CA00B408C7 = {
						CreatedOnToolsVersion = 14.1;
					};
				};
			};
			buildConfigurationList = D8599A212936D7CA00B408C7 /* Build configuration list for PBXProject "DatabaseProject" */;
			compatibilityVersion = "Xcode 14.0";
			developmentRegion = en;
			hasScannedForEncodings = 0;
			knownRegions = (
				en,
				Base,
			);
			mainGroup = D8599A1D2936D7CA00B408C7;
			productRefGroup = D8599A272936D7CA00B408C7 /* Products */;
			projectDirPath = "";
			projectRoot = "";
			targets = (
				D8599A252936D7CA00B408C7 /* DatabaseProject */,
			);
		};
/* End PBXProject section */

/* Begin PBXResourcesBuildPhase section */
		D8599A242936D7CA00B408C7 /* Resources */ = {
			isa = PBXResourcesBuildPhase;
			buildActionMask = 2147483647;
			files = (
				D8599A362936D7CB00B408C7 /* LaunchScreen.storyboard in Resources */,
				D8599A332936D7CB00B408C7 /* Assets.xcassets in Resources */,
				D8599A312936D7CA00B408C7 /* Main.storyboard in Resources */,
			);
			runOnlyForDeploymentPostprocessing = 0;
		};
/* End PBXResourcesBuildPhase section */

/* Begin PBXSourcesBuildPhase section */
		D8599A222936D7CA00B408C7 /* Sources */ = {
			isa = PBXSourcesBuildPhase;
			buildActionMask = 2147483647;
			files = (
				D8599A2E2936D7CA00B408C7 /* ViewController.swift in Sources */,
				D8599A2A2936D7CA00B408C7 /* AppDelegate.swift in Sources */,
				D8599A4C29385C3300B408C7 /* PhoneStorageViewController.swift in Sources */,
				D8599A4829385BB100B408C7 /* PriceViewController.swift in Sources */,
				D8599A5229385D8300B408C7 /* LaptopStorageViewController.swift in Sources */,
				D8599A4629385B6F00B408C7 /* ReviewViewController.swift in Sources */,
				D8599A4A29385BED00B408C7 /* CategoryViewController.swift in Sources */,
				D8599A4229383A0300B408C7 /* SearchViewController.swift in Sources */,
				D8599A4E29385C8100B408C7 /* PhoneOSViewController.swift in Sources */,
				D8599A5429385DB400B408C7 /* LaptopOSViewController.swift in Sources */,
				D8599A5029385CBD00B408C7 /* CelluarViewController.swift in Sources */,
				D8599A2C2936D7CA00B408C7 /* SceneDelegate.swift in Sources */,
				D8599A4429385B2900B408C7 /* WeightViewController.swift in Sources */,
			);
			runOnlyForDeploymentPostprocessing = 0;
		};
/* End PBXSourcesBuildPhase section */

/* Begin PBXVariantGroup section */
		D8599A2F2936D7CA00B408C7 /* Main.storyboard */ = {
			isa = PBXVariantGroup;
			children = (
				D8599A302936D7CA00B408C7 /* Base */,
			);
			name = Main.storyboard;
			sourceTree = "<group>";
		};
		D8599A342936D7CB00B408C7 /* LaunchScreen.storyboard */ = {
			isa = PBXVariantGroup;
			children = (
				D8599A352936D7CB00B408C7 /* Base */,
			);
			name = LaunchScreen.storyboard;
			sourceTree = "<group>";
		};
/* End PBXVariantGroup section */

/* Begin XCBuildConfiguration section */
		D8599A382936D7CB00B408C7 /* Debug */ = {
			isa = XCBuildConfiguration;
			buildSettings = {
				ALWAYS_SEARCH_USER_PATHS = NO;
				CLANG_ANALYZER_NONNULL = YES;
				CLANG_ANALYZER_NUMBER_OBJECT_CONVERSION = YES_AGGRESSIVE;
				CLANG_CXX_LANGUAGE_STANDARD = "gnu++20";
				CLANG_ENABLE_MODULES = YES;
				CLANG_ENABLE_OBJC_ARC = YES;
				CLANG_ENABLE_OBJC_WEAK = YES;
				CLANG_WARN_BLOCK_CAPTURE_AUTORELEASING = YES;
				CLANG_WARN_BOOL_CONVERSION = YES;
				CLANG_WARN_COMMA = YES;
				CLANG_WARN_CONSTANT_CONVERSION = YES;
				CLANG_WARN_DEPRECATED_OBJC_IMPLEMENTATIONS = YES;
				CLANG_WARN_DIRECT_OBJC_ISA_USAGE = YES_ERROR;
				CLANG_WARN_DOCUMENTATION_COMMENTS = YES;
				CLANG_WARN_EMPTY_BODY = YES;
				CLANG_WARN_ENUM_CONVERSION = YES;
				CLANG_WARN_INFINITE_RECURSION = YES;
				CLANG_WARN_INT_CONVERSION = YES;
				CLANG_WARN_NON_LITERAL_NULL_CONVERSION = YES;
				CLANG_WARN_OBJC_IMPLICIT_RETAIN_SELF = YES;
				CLANG_WARN_OBJC_LITERAL_CONVERSION = YES;
				CLANG_WARN_OBJC_ROOT_CLASS = YES_ERROR;
				CLANG_WARN_QUOTED_INCLUDE_IN_FRAMEWORK_HEADER = YES;
				CLANG_WARN_RANGE_LOOP_ANALYSIS = YES;
				CLANG_WARN_STRICT_PROTOTYPES = YES;
				CLANG_WARN_SUSPICIOUS_MOVE = YES;
				CLANG_WARN_UNGUARDED_AVAILABILITY = YES_AGGRESSIVE;
				CLANG_WARN_UNREACHABLE_CODE = YES;
				CLANG_WARN__DUPLICATE_METHOD_MATCH = YES;
				COPY_PHASE_STRIP = NO;
				DEBUG_INFORMATION_FORMAT = dwarf;
				ENABLE_STRICT_OBJC_MSGSEND = YES;
				ENABLE_TESTABILITY = YES;
				GCC_C_LANGUAGE_STANDARD = gnu11;
				GCC_DYNAMIC_NO_PIC = NO;
				GCC_NO_COMMON_BLOCKS = YES;
				GCC_OPTIMIZATION_LEVEL = 0;
				GCC_PREPROCESSOR_DEFINITIONS = (
					"DEBUG=1",
					"$(inherited)",
				);
				GCC_WARN_64_TO_32_BIT_CONVERSION = YES;
				GCC_WARN_ABOUT_RETURN_TYPE = YES_ERROR;
				GCC_WARN_UNDECLARED_SELECTOR = YES;
				GCC_WARN_UNINITIALIZED_AUTOS = YES_AGGRESSIVE;
				GCC_WARN_UNUSED_FUNCTION = YES;
				GCC_WARN_UNUSED_VARIABLE = YES;
				IPHONEOS_DEPLOYMENT_TARGET = 16.1;
				MTL_ENABLE_DEBUG_INFO = INCLUDE_SOURCE;
				MTL_FAST_MATH = YES;
				ONLY_ACTIVE_ARCH = YES;
				SDKROOT = iphoneos;
				SWIFT_ACTIVE_COMPILATION_CONDITIONS = DEBUG;
				SWIFT_OPTIMIZATION_LEVEL = "-Onone";
			};
			name = Debug;
		};
		D8599A392936D7CB00B408C7 /* Release */ = {
			isa = XCBuildConfiguration;
			buildSettings = {
				ALWAYS_SEARCH_USER_PATHS = NO;
				CLANG_ANALYZER_NONNULL = YES;
				CLANG_ANALYZER_NUMBER_OBJECT_CONVERSION = YES_AGGRESSIVE;
				CLANG_CXX_LANGUAGE_STANDARD = "gnu++20";
				CLANG_ENABLE_MODULES = YES;
				CLANG_ENABLE_OBJC_ARC = YES;
				CLANG_ENABLE_OBJC_WEAK = YES;
				CLANG_WARN_BLOCK_CAPTURE_AUTORELEASING = YES;
				CLANG_WARN_BOOL_CONVERSION = YES;
				CLANG_WARN_COMMA = YES;
				CLANG_WARN_CONSTANT_CONVERSION = YES;
				CLANG_WARN_DEPRECATED_OBJC_IMPLEMENTATIONS = YES;
				CLANG_WARN_DIRECT_OBJC_ISA_USAGE = YES_ERROR;
				CLANG_WARN_DOCUMENTATION_COMMENTS = YES;
				CLANG_WARN_EMPTY_BODY = YES;
				CLANG_WARN_ENUM_CONVERSION = YES;
				CLANG_WARN_INFINITE_RECURSION = YES;
				CLANG_WARN_INT_CONVERSION = YES;
				CLANG_WARN_NON_LITERAL_NULL_CONVERSION = YES;
				CLANG_WARN_OBJC_IMPLICIT_RETAIN_SELF = YES;
				CLANG_WARN_OBJC_LITERAL_CONVERSION = YES;
				CLANG_WARN_OBJC_ROOT_CLASS = YES_ERROR;
				CLANG_WARN_QUOTED_INCLUDE_IN_FRAMEWORK_HEADER = YES;
				CLANG_WARN_RANGE_LOOP_ANALYSIS = YES;
				CLANG_WARN_STRICT_PROTOTYPES = YES;
				CLANG_WARN_SUSPICIOUS_MOVE = YES;
				CLANG_WARN_UNGUARDED_AVAILABILITY = YES_AGGRESSIVE;
				CLANG_WARN_UNREACHABLE_CODE = YES;
				CLANG_WARN__DUPLICATE_METHOD_MATCH = YES;
				COPY_PHASE_STRIP = NO;
				DEBUG_INFORMATION_FORMAT = "dwarf-with-dsym";
				ENABLE_NS_ASSERTIONS = NO;
				ENABLE_STRICT_OBJC_MSGSEND = YES;
				GCC_C_LANGUAGE_STANDARD = gnu11;
				GCC_NO_COMMON_BLOCKS = YES;
				GCC_WARN_64_TO_32_BIT_CONVERSION = YES;
				GCC_WARN_ABOUT_RETURN_TYPE = YES_ERROR;
				GCC_WARN_UNDECLARED_SELECTOR = YES;
				GCC_WARN_UNINITIALIZED_AUTOS = YES_AGGRESSIVE;
				GCC_WARN_UNUSED_FUNCTION = YES;
				GCC_WARN_UNUSED_VARIABLE = YES;
				IPHONEOS_DEPLOYMENT_TARGET = 16.1;
				MTL_ENABLE_DEBUG_INFO = NO;
				MTL_FAST_MATH = YES;
				SDKROOT = iphoneos;
				SWIFT_COMPILATION_MODE = wholemodule;
				SWIFT_OPTIMIZATION_LEVEL = "-O";
				VALIDATE_PRODUCT = YES;
			};
			name = Release;
		};
		D8599A3B2936D7CB00B408C7 /* Debug */ = {
			isa = XCBuildConfiguration;
			buildSettings = {
				ASSETCATALOG_COMPILER_APPICON_NAME = AppIcon;
				ASSETCATALOG_COMPILER_GLOBAL_ACCENT_COLOR_NAME = AccentColor;
				CODE_SIGN_STYLE = Automatic;
				CURRENT_PROJECT_VERSION = 1;
				DEVELOPMENT_TEAM = B52NRXJX4M;
				GENERATE_INFOPLIST_FILE = YES;
				INFOPLIST_FILE = DatabaseProject/Info.plist;
				INFOPLIST_KEY_UIApplicationSupportsIndirectInputEvents = YES;
				INFOPLIST_KEY_UILaunchStoryboardName = LaunchScreen;
				INFOPLIST_KEY_UIMainStoryboardFile = Main;
				INFOPLIST_KEY_UISupportedInterfaceOrientations_iPad = "UIInterfaceOrientationPortrait UIInterfaceOrientationPortraitUpsideDown UIInterfaceOrientationLandscapeLeft UIInterfaceOrientationLandscapeRight";
				INFOPLIST_KEY_UISupportedInterfaceOrientations_iPhone = "UIInterfaceOrientationPortrait UIInterfaceOrientationLandscapeLeft UIInterfaceOrientationLandscapeRight";
				LD_RUNPATH_SEARCH_PATHS = (
					"$(inherited)",
					"@executable_path/Frameworks",
				);
				MARKETING_VERSION = 1.0;
				PRODUCT_BUNDLE_IDENTIFIER = asu.DatabaseProject;
				PRODUCT_NAME = "$(TARGET_NAME)";
				SWIFT_EMIT_LOC_STRINGS = YES;
				SWIFT_VERSION = 5.0;
				TARGETED_DEVICE_FAMILY = "1,2";
			};
			name = Debug;
		};
		D8599A3C2936D7CB00B408C7 /* Release */ = {
			isa = XCBuildConfiguration;
			buildSettings = {
				ASSETCATALOG_COMPILER_APPICON_NAME = AppIcon;
				ASSETCATALOG_COMPILER_GLOBAL_ACCENT_COLOR_NAME = AccentColor;
				CODE_SIGN_STYLE = Automatic;
				CURRENT_PROJECT_VERSION = 1;
				DEVELOPMENT_TEAM = B52NRXJX4M;
				GENERATE_INFOPLIST_FILE = YES;
				INFOPLIST_FILE = DatabaseProject/Info.plist;
				INFOPLIST_KEY_UIApplicationSupportsIndirectInputEvents = YES;
				INFOPLIST_KEY_UILaunchStoryboardName = LaunchScreen;
				INFOPLIST_KEY_UIMainStoryboardFile = Main;
				INFOPLIST_KEY_UISupportedInterfaceOrientations_iPad = "UIInterfaceOrientationPortrait UIInterfaceOrientationPortraitUpsideDown UIInterfaceOrientationLandscapeLeft UIInterfaceOrientationLandscapeRight";
				INFOPLIST_KEY_UISupportedInterfaceOrientations_iPhone = "UIInterfaceOrientationPortrait UIInterfaceOrientationLandscapeLeft UIInterfaceOrientationLandscapeRight";
				LD_RUNPATH_SEARCH_PATHS = (
					"$(inherited)",
					"@executable_path/Frameworks",
				);
				MARKETING_VERSION = 1.0;
				PRODUCT_BUNDLE_IDENTIFIER = asu.DatabaseProject;
				PRODUCT_NAME = "$(TARGET_NAME)";
				SWIFT_EMIT_LOC_STRINGS = YES;
				SWIFT_VERSION = 5.0;
				TARGETED_DEVICE_FAMILY = "1,2";
			};
			name = Release;
		};
/* End XCBuildConfiguration section */

/* Begin XCConfigurationList section */
		D8599A212936D7CA00B408C7 /* Build configuration list for PBXProject "DatabaseProject" */ = {
			isa = XCConfigurationList;
			buildConfigurations = (
				D8599A382936D7CB00B408C7 /* Debug */,
				D8599A392936D7CB00B408C7 /* Release */,
			);
			defaultConfigurationIsVisible = 0;
			defaultConfigurationName = Release;
		};
		D8599A3A2936D7CB00B408C7 /* Build configuration list for PBXNativeTarget "DatabaseProject" */ = {
			isa = XCConfigurationList;
			buildConfigurations = (
				D8599A3B2936D7CB00B408C7 /* Debug */,
				D8599A3C2936D7CB00B408C7 /* Release */,
			);
			defaultConfigurationIsVisible = 0;
			defaultConfigurationName = Release;
		};
/* End XCConfigurationList section */
	};
	rootObject = D8599A1E2936D7CA00B408C7 /* Project object */;
}
